
Microsoft Visual Studio Solution File, Format Version 12.00
# Visual Studio 15
VisualStudioVersion = 15.0.27703.2026
MinimumVisualStudioVersion = 10.0.40219.1
Project("{FAE04EC0-301F-11D3-BF4B-00C04F79EFBC}") = "Innofactor.EfCoreJsonValueConverter", "Innofactor.EfCoreJsonValueConverter\Innofactor.EfCoreJsonValueConverter.csproj", "{DF45F5FB-71A1-4B05-8928-A3FB75AE8F36}"
EndProject
Project("{FAE04EC0-301F-11D3-BF4B-00C04F79EFBC}") = "Innofactor.EfCoreJsonValueConverter.Test", "Innofactor.EfCoreJsonValueConverter.Test\Innofactor.EfCoreJsonValueConverter.Test.csproj", "{5548F701-2C10-4CC3-AE17-900691F325A7}"
EndProject
Global
	GlobalSection(SolutionConfigurationPlatforms) = preSolution
		Debug|Any CPU = Debug|Any CPU
		Release|Any CPU = Release|Any CPU
	EndGlobalSection
	GlobalSection(ProjectConfigurationPlatforms) = postSolution
		{DF45F5FB-71A1-4B05-8928-A3FB75AE8F36}.Debug|Any CPU.ActiveCfg = Debug|Any CPU
		{DF45F5FB-71A1-4B05-8928-A3FB75AE8F36}.Debug|Any CPU.Build.0 = Debug|Any CPU
		{DF45F5FB-71A1-4B05-8928-A3FB75AE8F36}.Release|Any CPU.ActiveCfg = Release|Any CPU
		{DF45F5FB-71A1-4B05-8928-A3FB75AE8F36}.Release|Any CPU.Build.0 = Release|Any CPU
		{5548F701-2C10-4CC3-AE17-900691F325A7}.Debug|Any CPU.ActiveCfg = Debug|Any CPU
		{5548F701-2C10-4CC3-AE17-900691F325A7}.Debug|Any CPU.Build.0 = Debug|Any CPU
		{5548F701-2C10-4CC3-AE17-900691F325A7}.Release|Any CPU.ActiveCfg = Release|Any CPU
		{5548F701-2C10-4CC3-AE17-900691F325A7}.Release|Any CPU.Build.0 = Release|Any CPU
	EndGlobalSection
	GlobalSection(SolutionProperties) = preSolution
		HideSolutionNode = FALSE
	EndGlobalSection
	GlobalSection(ExtensibilityGlobals) = postSolution
		SolutionGuid = {6667B41F-E1F0-40CA-83DE-81B2539999FD}
	EndGlobalSection
EndGlobal
